<Solution>
  <Folder Name="/src/">
    <Project Path="src/ScopedEditors.Abstractions/ScopedEditors.Abstractions.csproj" />
    <Project Path="src/ScopedEditors.ViewModels/ScopedEditors.ViewModels.csproj" />
    <Project Path="src/ScopedEditors.Avalonia/ScopedEditors.Avalonia.csproj" />
  </Folder>
  <Folder Name="/tests/">
    <Project Path="tests/ScopedEditors.Tests/ScopedEditors.Tests.csproj" />
  </Folder>
</Solution>
